
Microsoft Visual Studio Solution File, Format Version 12.00
# Visual Studio Version 17
VisualStudioVersion = 17.8.34330.188
MinimumVisualStudioVersion = 10.0.40219.1
Project("{FAE04EC0-301F-11D3-BF4B-00C04F79EFBC}") = "Skills", "Skills.csproj", "{6F521C04-A5D2-42F3-A44C-BD50820BA8C1}"
EndProject
Global
	GlobalSection(SolutionConfigurationPlatforms) = preSolution
		Debug|Any CPU = Debug|Any CPU
		Release|Any CPU = Release|Any CPU
	EndGlobalSection
	GlobalSection(ProjectConfigurationPlatforms) = postSolution
		{6F521C04-A5D2-42F3-A44C-BD50820BA8C1}.Debug|Any CPU.ActiveCfg = Debug|Any CPU
		{6F521C04-A5D2-42F3-A44C-BD50820BA8C1}.Debug|Any CPU.Build.0 = Debug|Any CPU
		{6F521C04-A5D2-42F3-A44C-BD50820BA8C1}.Release|Any CPU.ActiveCfg = Release|Any CPU
		{6F521C04-A5D2-42F3-A44C-BD50820BA8C1}.Release|Any CPU.Build.0 = Release|Any CPU
	EndGlobalSection
	GlobalSection(SolutionProperties) = preSolution
		HideSolutionNode = FALSE
	EndGlobalSection
	GlobalSection(ExtensibilityGlobals) = postSolution
		SolutionGuid = {EFE1C2BB-7142-43BC-AF42-BE7764B17D4C}
	EndGlobalSection
EndGlobal
